
Microsoft Visual Studio Solution File, Format Version 12.00
# Visual Studio 14
VisualStudioVersion = 14.0.25420.1
MinimumVisualStudioVersion = 10.0.40219.1
Project("{FAE04EC0-301F-11D3-BF4B-00C04F79EFBC}") = "L-ShareAssistant", "L-ShareAssistant\L-ShareAssistant.csproj", "{2B4B3C46-EE62-478E-AB0B-CC1C337CB054}"
EndProject
Project("{FAE04EC0-301F-11D3-BF4B-00C04F79EFBC}") = "ConsoleTest", "ConsoleTest\ConsoleTest.csproj", "{4830C790-5E8A-4622-B042-F9F50A393E71}"
EndProject
Project("{FAE04EC0-301F-11D3-BF4B-00C04F79EFBC}") = "ClipBoardDemo", "ClipBoardDemo\ClipBoardDemo.csproj", "{291E8FC8-0060-4A38-9396-D49D551F172B}"
EndProject
Global
	GlobalSection(SolutionConfigurationPlatforms) = preSolution
		Debug|Any CPU = Debug|Any CPU
		Release|Any CPU = Release|Any CPU
	EndGlobalSection
	GlobalSection(ProjectConfigurationPlatforms) = postSolution
		{2B4B3C46-EE62-478E-AB0B-CC1C337CB054}.Debug|Any CPU.ActiveCfg = Debug|Any CPU
		{2B4B3C46-EE62-478E-AB0B-CC1C337CB054}.Debug|Any CPU.Build.0 = Debug|Any CPU
		{2B4B3C46-EE62-478E-AB0B-CC1C337CB054}.Release|Any CPU.ActiveCfg = Release|Any CPU
		{2B4B3C46-EE62-478E-AB0B-CC1C337CB054}.Release|Any CPU.Build.0 = Release|Any CPU
		{4830C790-5E8A-4622-B042-F9F50A393E71}.Debug|Any CPU.ActiveCfg = Debug|Any CPU
		{4830C790-5E8A-4622-B042-F9F50A393E71}.Debug|Any CPU.Build.0 = Debug|Any CPU
		{4830C790-5E8A-4622-B042-F9F50A393E71}.Release|Any CPU.ActiveCfg = Release|Any CPU
		{4830C790-5E8A-4622-B042-F9F50A393E71}.Release|Any CPU.Build.0 = Release|Any CPU
		{291E8FC8-0060-4A38-9396-D49D551F172B}.Debug|Any CPU.ActiveCfg = Debug|Any CPU
		{291E8FC8-0060-4A38-9396-D49D551F172B}.Debug|Any CPU.Build.0 = Debug|Any CPU
		{291E8FC8-0060-4A38-9396-D49D551F172B}.Release|Any CPU.ActiveCfg = Release|Any CPU
		{291E8FC8-0060-4A38-9396-D49D551F172B}.Release|Any CPU.Build.0 = Release|Any CPU
	EndGlobalSection
	GlobalSection(SolutionProperties) = preSolution
		HideSolutionNode = FALSE
	EndGlobalSection
EndGlobal
